
Microsoft Visual Studio Solution File, Format Version 12.00
# Visual Studio Version 16
VisualStudioVersion = 16.0.30225.117
MinimumVisualStudioVersion = 10.0.40219.1
Project("{FAE04EC0-301F-11D3-BF4B-00C04F79EFBC}") = "Webforms Test", "Webforms Test\Webforms Test.csproj", "{D6E6F6D7-517D-4A3F-A3FB-686F203936D8}"
EndProject
Global
	GlobalSection(SolutionConfigurationPlatforms) = preSolution
		Debug|Any CPU = Debug|Any CPU
		Release|Any CPU = Release|Any CPU
	EndGlobalSection
	GlobalSection(ProjectConfigurationPlatforms) = postSolution
		{D6E6F6D7-517D-4A3F-A3FB-686F203936D8}.Debug|Any CPU.ActiveCfg = Debug|Any CPU
		{D6E6F6D7-517D-4A3F-A3FB-686F203936D8}.Debug|Any CPU.Build.0 = Debug|Any CPU
		{D6E6F6D7-517D-4A3F-A3FB-686F203936D8}.Release|Any CPU.ActiveCfg = Release|Any CPU
		{D6E6F6D7-517D-4A3F-A3FB-686F203936D8}.Release|Any CPU.Build.0 = Release|Any CPU
	EndGlobalSection
	GlobalSection(SolutionProperties) = preSolution
		HideSolutionNode = FALSE
	EndGlobalSection
	GlobalSection(ExtensibilityGlobals) = postSolution
		SolutionGuid = {565873DD-E764-45FE-8351-B892264F8A25}
	EndGlobalSection
EndGlobal
